
Microsoft Visual Studio Solution File, Format Version 12.00
# Visual Studio 15
VisualStudioVersion = 15.0.26124.0
MinimumVisualStudioVersion = 15.0.26124.0
<GenerateAssemblyInfo>false</GenerateAssemblyInfo>
Project("{FAE04EC0-301F-11D3-BF4B-00C04F79EFBC}") = "BlabberApp.Client", "BlabberApp.Client\BlabberApp.Client.csproj", "{B9228B27-0921-491E-A10C-B9374B215186}"
EndProject
Project("{FAE04EC0-301F-11D3-BF4B-00C04F79EFBC}") = "BlabberApp.DataStore", "BlabberApp.DataStore\BlabberApp.DataStore.csproj", "{7B6A85B2-DE76-4BE4-9A1B-08B17405240B}"
EndProject
Project("{FAE04EC0-301F-11D3-BF4B-00C04F79EFBC}") = "BlabberApp.DataStoreTest", "BlabberApp.DataStoreTest\BlabberApp.DataStoreTest.csproj", "{2BE09844-9C41-4301-A0AD-8D2158EBE24B}"
EndProject
Project("{FAE04EC0-301F-11D3-BF4B-00C04F79EFBC}") = "BlabberApp.WebApi", "BlabberApp.WebApi\BlabberApp.WebApi.csproj", "{C243543C-E6A1-4D4C-8E3B-6EA00209B311}"
EndProject
Project("{FAE04EC0-301F-11D3-BF4B-00C04F79EFBC}") = "BlabberApp.Domain", "BlabberApp.Domain\BlabberApp.Domain.csproj", "{F4E4DCF1-E314-4799-BF5C-06E397C38D94}"
EndProject
Project("{FAE04EC0-301F-11D3-BF4B-00C04F79EFBC}") = "BlabberApp.ClientTest", "BlabberApp.ClientTest\BlabberApp.ClientTest.csproj", "{0E55D458-573F-485C-9FA1-253280290CA8}"
EndProject
Project("{FAE04EC0-301F-11D3-BF4B-00C04F79EFBC}") = "BlabberApp.Console", "BlabberApp.Console\BlabberApp.Console.csproj", "{B66F97F9-EEE0-4085-BF90-96CD3CAEEBC6}"
EndProject
Project("{FAE04EC0-301F-11D3-BF4B-00C04F79EFBC}") = "BlabberApp.WebApiTest", "BlabberApp.WebApiTest\BlabberApp.WebApiTest.csproj", "{332C2B27-51ED-4D5C-A236-AECE6CB96409}"
EndProject
Global
	GlobalSection(SolutionConfigurationPlatforms) = preSolution
		Debug|Any CPU = Debug|Any CPU
		Debug|x64 = Debug|x64
		Debug|x86 = Debug|x86
		Release|Any CPU = Release|Any CPU
		Release|x64 = Release|x64
		Release|x86 = Release|x86
	EndGlobalSection
	GlobalSection(SolutionProperties) = preSolution
		HideSolutionNode = FALSE
	EndGlobalSection
	GlobalSection(ProjectConfigurationPlatforms) = postSolution
		{B9228B27-0921-491E-A10C-B9374B215186}.Debug|Any CPU.ActiveCfg = Debug|Any CPU
		{B9228B27-0921-491E-A10C-B9374B215186}.Debug|Any CPU.Build.0 = Debug|Any CPU
		{B9228B27-0921-491E-A10C-B9374B215186}.Debug|x64.ActiveCfg = Debug|Any CPU
		{B9228B27-0921-491E-A10C-B9374B215186}.Debug|x64.Build.0 = Debug|Any CPU
		{B9228B27-0921-491E-A10C-B9374B215186}.Debug|x86.ActiveCfg = Debug|Any CPU
		{B9228B27-0921-491E-A10C-B9374B215186}.Debug|x86.Build.0 = Debug|Any CPU
		{B9228B27-0921-491E-A10C-B9374B215186}.Release|Any CPU.ActiveCfg = Release|Any CPU
		{B9228B27-0921-491E-A10C-B9374B215186}.Release|Any CPU.Build.0 = Release|Any CPU
		{B9228B27-0921-491E-A10C-B9374B215186}.Release|x64.ActiveCfg = Release|Any CPU
		{B9228B27-0921-491E-A10C-B9374B215186}.Release|x64.Build.0 = Release|Any CPU
		{B9228B27-0921-491E-A10C-B9374B215186}.Release|x86.ActiveCfg = Release|Any CPU
		{B9228B27-0921-491E-A10C-B9374B215186}.Release|x86.Build.0 = Release|Any CPU
		{7B6A85B2-DE76-4BE4-9A1B-08B17405240B}.Debug|Any CPU.ActiveCfg = Debug|Any CPU
		{7B6A85B2-DE76-4BE4-9A1B-08B17405240B}.Debug|Any CPU.Build.0 = Debug|Any CPU
		{7B6A85B2-DE76-4BE4-9A1B-08B17405240B}.Debug|x64.ActiveCfg = Debug|Any CPU
		{7B6A85B2-DE76-4BE4-9A1B-08B17405240B}.Debug|x64.Build.0 = Debug|Any CPU
		{7B6A85B2-DE76-4BE4-9A1B-08B17405240B}.Debug|x86.ActiveCfg = Debug|Any CPU
		{7B6A85B2-DE76-4BE4-9A1B-08B17405240B}.Debug|x86.Build.0 = Debug|Any CPU
		{7B6A85B2-DE76-4BE4-9A1B-08B17405240B}.Release|Any CPU.ActiveCfg = Release|Any CPU
		{7B6A85B2-DE76-4BE4-9A1B-08B17405240B}.Release|Any CPU.Build.0 = Release|Any CPU
		{7B6A85B2-DE76-4BE4-9A1B-08B17405240B}.Release|x64.ActiveCfg = Release|Any CPU
		{7B6A85B2-DE76-4BE4-9A1B-08B17405240B}.Release|x64.Build.0 = Release|Any CPU
		{7B6A85B2-DE76-4BE4-9A1B-08B17405240B}.Release|x86.ActiveCfg = Release|Any CPU
		{7B6A85B2-DE76-4BE4-9A1B-08B17405240B}.Release|x86.Build.0 = Release|Any CPU
		{2BE09844-9C41-4301-A0AD-8D2158EBE24B}.Debug|Any CPU.ActiveCfg = Debug|Any CPU
		{2BE09844-9C41-4301-A0AD-8D2158EBE24B}.Debug|Any CPU.Build.0 = Debug|Any CPU
		{2BE09844-9C41-4301-A0AD-8D2158EBE24B}.Debug|x64.ActiveCfg = Debug|Any CPU
		{2BE09844-9C41-4301-A0AD-8D2158EBE24B}.Debug|x64.Build.0 = Debug|Any CPU
		{2BE09844-9C41-4301-A0AD-8D2158EBE24B}.Debug|x86.ActiveCfg = Debug|Any CPU
		{2BE09844-9C41-4301-A0AD-8D2158EBE24B}.Debug|x86.Build.0 = Debug|Any CPU
		{2BE09844-9C41-4301-A0AD-8D2158EBE24B}.Release|Any CPU.ActiveCfg = Release|Any CPU
		{2BE09844-9C41-4301-A0AD-8D2158EBE24B}.Release|Any CPU.Build.0 = Release|Any CPU
		{2BE09844-9C41-4301-A0AD-8D2158EBE24B}.Release|x64.ActiveCfg = Release|Any CPU
		{2BE09844-9C41-4301-A0AD-8D2158EBE24B}.Release|x64.Build.0 = Release|Any CPU
		{2BE09844-9C41-4301-A0AD-8D2158EBE24B}.Release|x86.ActiveCfg = Release|Any CPU
		{2BE09844-9C41-4301-A0AD-8D2158EBE24B}.Release|x86.Build.0 = Release|Any CPU
		{C243543C-E6A1-4D4C-8E3B-6EA00209B311}.Debug|Any CPU.ActiveCfg = Debug|Any CPU
		{C243543C-E6A1-4D4C-8E3B-6EA00209B311}.Debug|Any CPU.Build.0 = Debug|Any CPU
		{C243543C-E6A1-4D4C-8E3B-6EA00209B311}.Debug|x64.ActiveCfg = Debug|Any CPU
		{C243543C-E6A1-4D4C-8E3B-6EA00209B311}.Debug|x64.Build.0 = Debug|Any CPU
		{C243543C-E6A1-4D4C-8E3B-6EA00209B311}.Debug|x86.ActiveCfg = Debug|Any CPU
		{C243543C-E6A1-4D4C-8E3B-6EA00209B311}.Debug|x86.Build.0 = Debug|Any CPU
		{C243543C-E6A1-4D4C-8E3B-6EA00209B311}.Release|Any CPU.ActiveCfg = Release|Any CPU
		{C243543C-E6A1-4D4C-8E3B-6EA00209B311}.Release|Any CPU.Build.0 = Release|Any CPU
		{C243543C-E6A1-4D4C-8E3B-6EA00209B311}.Release|x64.ActiveCfg = Release|Any CPU
		{C243543C-E6A1-4D4C-8E3B-6EA00209B311}.Release|x64.Build.0 = Release|Any CPU
		{C243543C-E6A1-4D4C-8E3B-6EA00209B311}.Release|x86.ActiveCfg = Release|Any CPU
		{C243543C-E6A1-4D4C-8E3B-6EA00209B311}.Release|x86.Build.0 = Release|Any CPU
		{F4E4DCF1-E314-4799-BF5C-06E397C38D94}.Debug|Any CPU.ActiveCfg = Debug|Any CPU
		{F4E4DCF1-E314-4799-BF5C-06E397C38D94}.Debug|Any CPU.Build.0 = Debug|Any CPU
		{F4E4DCF1-E314-4799-BF5C-06E397C38D94}.Debug|x64.ActiveCfg = Debug|Any CPU
		{F4E4DCF1-E314-4799-BF5C-06E397C38D94}.Debug|x64.Build.0 = Debug|Any CPU
		{F4E4DCF1-E314-4799-BF5C-06E397C38D94}.Debug|x86.ActiveCfg = Debug|Any CPU
		{F4E4DCF1-E314-4799-BF5C-06E397C38D94}.Debug|x86.Build.0 = Debug|Any CPU
		{F4E4DCF1-E314-4799-BF5C-06E397C38D94}.Release|Any CPU.ActiveCfg = Release|Any CPU
		{F4E4DCF1-E314-4799-BF5C-06E397C38D94}.Release|Any CPU.Build.0 = Release|Any CPU
		{F4E4DCF1-E314-4799-BF5C-06E397C38D94}.Release|x64.ActiveCfg = Release|Any CPU
		{F4E4DCF1-E314-4799-BF5C-06E397C38D94}.Release|x64.Build.0 = Release|Any CPU
		{F4E4DCF1-E314-4799-BF5C-06E397C38D94}.Release|x86.ActiveCfg = Release|Any CPU
		{F4E4DCF1-E314-4799-BF5C-06E397C38D94}.Release|x86.Build.0 = Release|Any CPU
		{0E55D458-573F-485C-9FA1-253280290CA8}.Debug|Any CPU.ActiveCfg = Debug|Any CPU
		{0E55D458-573F-485C-9FA1-253280290CA8}.Debug|Any CPU.Build.0 = Debug|Any CPU
		{0E55D458-573F-485C-9FA1-253280290CA8}.Debug|x64.ActiveCfg = Debug|Any CPU
		{0E55D458-573F-485C-9FA1-253280290CA8}.Debug|x64.Build.0 = Debug|Any CPU
		{0E55D458-573F-485C-9FA1-253280290CA8}.Debug|x86.ActiveCfg = Debug|Any CPU
		{0E55D458-573F-485C-9FA1-253280290CA8}.Debug|x86.Build.0 = Debug|Any CPU
		{0E55D458-573F-485C-9FA1-253280290CA8}.Release|Any CPU.ActiveCfg = Release|Any CPU
		{0E55D458-573F-485C-9FA1-253280290CA8}.Release|Any CPU.Build.0 = Release|Any CPU
		{0E55D458-573F-485C-9FA1-253280290CA8}.Release|x64.ActiveCfg = Release|Any CPU
		{0E55D458-573F-485C-9FA1-253280290CA8}.Release|x64.Build.0 = Release|Any CPU
		{0E55D458-573F-485C-9FA1-253280290CA8}.Release|x86.ActiveCfg = Release|Any CPU
		{0E55D458-573F-485C-9FA1-253280290CA8}.Release|x86.Build.0 = Release|Any CPU
		{B66F97F9-EEE0-4085-BF90-96CD3CAEEBC6}.Debug|Any CPU.ActiveCfg = Debug|Any CPU
		{B66F97F9-EEE0-4085-BF90-96CD3CAEEBC6}.Debug|Any CPU.Build.0 = Debug|Any CPU
		{B66F97F9-EEE0-4085-BF90-96CD3CAEEBC6}.Debug|x64.ActiveCfg = Debug|Any CPU
		{B66F97F9-EEE0-4085-BF90-96CD3CAEEBC6}.Debug|x64.Build.0 = Debug|Any CPU
		{B66F97F9-EEE0-4085-BF90-96CD3CAEEBC6}.Debug|x86.ActiveCfg = Debug|Any CPU
		{B66F97F9-EEE0-4085-BF90-96CD3CAEEBC6}.Debug|x86.Build.0 = Debug|Any CPU
		{B66F97F9-EEE0-4085-BF90-96CD3CAEEBC6}.Release|Any CPU.ActiveCfg = Release|Any CPU
		{B66F97F9-EEE0-4085-BF90-96CD3CAEEBC6}.Release|Any CPU.Build.0 = Release|Any CPU
		{B66F97F9-EEE0-4085-BF90-96CD3CAEEBC6}.Release|x64.ActiveCfg = Release|Any CPU
		{B66F97F9-EEE0-4085-BF90-96CD3CAEEBC6}.Release|x64.Build.0 = Release|Any CPU
		{B66F97F9-EEE0-4085-BF90-96CD3CAEEBC6}.Release|x86.ActiveCfg = Release|Any CPU
		{B66F97F9-EEE0-4085-BF90-96CD3CAEEBC6}.Release|x86.Build.0 = Release|Any CPU
		{332C2B27-51ED-4D5C-A236-AECE6CB96409}.Debug|Any CPU.ActiveCfg = Debug|Any CPU
		{332C2B27-51ED-4D5C-A236-AECE6CB96409}.Debug|Any CPU.Build.0 = Debug|Any CPU
		{332C2B27-51ED-4D5C-A236-AECE6CB96409}.Debug|x64.ActiveCfg = Debug|Any CPU
		{332C2B27-51ED-4D5C-A236-AECE6CB96409}.Debug|x64.Build.0 = Debug|Any CPU
		{332C2B27-51ED-4D5C-A236-AECE6CB96409}.Debug|x86.ActiveCfg = Debug|Any CPU
		{332C2B27-51ED-4D5C-A236-AECE6CB96409}.Debug|x86.Build.0 = Debug|Any CPU
		{332C2B27-51ED-4D5C-A236-AECE6CB96409}.Release|Any CPU.ActiveCfg = Release|Any CPU
		{332C2B27-51ED-4D5C-A236-AECE6CB96409}.Release|Any CPU.Build.0 = Release|Any CPU
		{332C2B27-51ED-4D5C-A236-AECE6CB96409}.Release|x64.ActiveCfg = Release|Any CPU
		{332C2B27-51ED-4D5C-A236-AECE6CB96409}.Release|x64.Build.0 = Release|Any CPU
		{332C2B27-51ED-4D5C-A236-AECE6CB96409}.Release|x86.ActiveCfg = Release|Any CPU
		{332C2B27-51ED-4D5C-A236-AECE6CB96409}.Release|x86.Build.0 = Release|Any CPU
	EndGlobalSection
EndGlobal
